// !$*UTF8*$!
{
	archiveVersion = 1;
	classes = {
	};
	objectVersion = 46;
	objects = {

/* Begin PBXBuildFile section */
		9287845B1BDF131C0002EA0F /* AppDelegate.swift in Sources */ = {isa = PBXBuildFile; fileRef = 9287845A1BDF131C0002EA0F /* AppDelegate.swift */; };
		9287845D1BDF131C0002EA0F /* ViewController.swift in Sources */ = {isa = PBXBuildFile; fileRef = 9287845C1BDF131C0002EA0F /* ViewController.swift */; };
		928784601BDF131C0002EA0F /* Main.storyboard in Resources */ = {isa = PBXBuildFile; fileRef = 9287845E1BDF131C0002EA0F /* Main.storyboard */; };
		928784621BDF131C0002EA0F /* Assets.xcassets in Resources */ = {isa = PBXBuildFile; fileRef = 928784611BDF131C0002EA0F /* Assets.xcassets */; };
		928784651BDF131C0002EA0F /* LaunchScreen.storyboard in Resources */ = {isa = PBXBuildFile; fileRef = 928784631BDF131C0002EA0F /* LaunchScreen.storyboard */; };
		928784701BDF131C0002EA0F /* attendanceTests.swift in Sources */ = {isa = PBXBuildFile; fileRef = 9287846F1BDF131C0002EA0F /* attendanceTests.swift */; };
		9287847B1BDF131C0002EA0F /* attendanceUITests.swift in Sources */ = {isa = PBXBuildFile; fileRef = 9287847A1BDF131C0002EA0F /* attendanceUITests.swift */; };
/* End PBXBuildFile section */

/* Begin PBXContainerItemProxy section */
		9287846C1BDF131C0002EA0F /* PBXContainerItemProxy */ = {
			isa = PBXContainerItemProxy;
			containerPortal = 9287844F1BDF131C0002EA0F /* Project object */;
			proxyType = 1;
			remoteGlobalIDString = 928784561BDF131C0002EA0F;
			remoteInfo = attendance;
		};
		928784771BDF131C0002EA0F /* PBXContainerItemProxy */ = {
			isa = PBXContainerItemProxy;
			containerPortal = 9287844F1BDF131C0002EA0F /* Project object */;
			proxyType = 1;
			remoteGlobalIDString = 928784561BDF131C0002EA0F;
			remoteInfo = attendance;
		};
/* End PBXContainerItemProxy section */

/* Begin PBXFileReference section */
		928784571BDF131C0002EA0F /* attendance.app */ = {isa = PBXFileReference; explicitFileType = wrapper.application; includeInIndex = 0; path = attendance.app; sourceTree = BUILT_PRODUCTS_DIR; };
		9287845A1BDF131C0002EA0F /* AppDelegate.swift */ = {isa = PBXFileReference; lastKnownFileType = sourcecode.swift; path = AppDelegate.swift; sourceTree = "<group>"; };
		9287845C1BDF131C0002EA0F /* ViewController.swift */ = {isa = PBXFileReference; lastKnownFileType = sourcecode.swift; path = ViewController.swift; sourceTree = "<group>"; };
		9287845F1BDF131C0002EA0F /* Base */ = {isa = PBXFileReference; lastKnownFileType = file.storyboard; name = Base; path = Base.lproj/Main.storyboard; sourceTree = "<group>"; };
		928784611BDF131C0002EA0F /* Assets.xcassets */ = {isa = PBXFileReference; lastKnownFileType = folder.assetcatalog; path = Assets.xcassets; sourceTree = "<group>"; };
		928784641BDF131C0002EA0F /* Base */ = {isa = PBXFileReference; lastKnownFileType = file.storyboard; name = Base; path = Base.lproj/LaunchScreen.storyboard; sourceTree = "<group>"; };
		928784661BDF131C0002EA0F /* Info.plist */ = {isa = PBXFileReference; lastKnownFileType = text.plist.xml; path = Info.plist; sourceTree = "<group>"; };
		9287846B1BDF131C0002EA0F /* attendanceTests.xctest */ = {isa = PBXFileReference; explicitFileType = wrapper.cfbundle; includeInIndex = 0; path = attendanceTests.xctest; sourceTree = BUILT_PRODUCTS_DIR; };
		9287846F1BDF131C0002EA0F /* attendanceTests.swift */ = {isa = PBXFileReference; lastKnownFileType = sourcecode.swift; path = attendanceTests.swift; sourceTree = "<group>"; };
		928784711BDF131C0002EA0F /* Info.plist */ = {isa = PBXFileReference; lastKnownFileType = text.plist.xml; path = Info.plist; sourceTree = "<group>"; };
		928784761BDF131C0002EA0F /* attendanceUITests.xctest */ = {isa = PBXFileReference; explicitFileType = wrapper.cfbundle; includeInIndex = 0; path = attendanceUITests.xctest; sourceTree = BUILT_PRODUCTS_DIR; };
		9287847A1BDF131C0002EA0F /* attendanceUITests.swift */ = {isa = PBXFileReference; lastKnownFileType = sourcecode.swift; path = attendanceUITests.swift; sourceTree = "<group>"; };
		9287847C1BDF131C0002EA0F /* Info.plist */ = {isa = PBXFileReference; lastKnownFileType = text.plist.xml; path = Info.plist; sourceTree = "<group>"; };
/* End PBXFileReference section */

/* Begin PBXFrameworksBuildPhase section */
		928784541BDF131C0002EA0F /* Frameworks */ = {
			isa = PBXFrameworksBuildPhase;
			buildActionMask = 2147483647;
			files = (
			);
			runOnlyForDeploymentPostprocessing = 0;
		};
		928784681BDF131C0002EA0F /* Frameworks */ = {
			isa = PBXFrameworksBuildPhase;
			buildActionMask = 2147483647;
			files = (
			);
			runOnlyForDeploymentPostprocessing = 0;
		};
		928784731BDF131C0002EA0F /* Frameworks */ = {
			isa = PBXFrameworksBuildPhase;
			buildActionMask = 2147483647;
			files = (
			);
			runOnlyForDeploymentPostprocessing = 0;
		};
/* End PBXFrameworksBuildPhase section */

/* Begin PBXGroup section */
		9287844E1BDF131C0002EA0F = {
			isa = PBXGroup;
			children = (
				928784591BDF131C0002EA0F /* attendance */,
				9287846E1BDF131C0002EA0F /* attendanceTests */,
				928784791BDF131C0002EA0F /* attendanceUITests */,
				928784581BDF131C0002EA0F /* Products */,
			);
			sourceTree = "<group>";
		};
		928784581BDF131C0002EA0F /* Products */ = {
			isa = PBXGroup;
			children = (
				928784571BDF131C0002EA0F /* attendance.app */,
				9287846B1BDF131C0002EA0F /* attendanceTests.xctest */,
				928784761BDF131C0002EA0F /* attendanceUITests.xctest */,
			);
			name = Products;
			sourceTree = "<group>";
		};
		928784591BDF131C0002EA0F /* attendance */ = {
			isa = PBXGroup;
			children = (
				9287845A1BDF131C0002EA0F /* AppDelegate.swift */,
				9287845C1BDF131C0002EA0F /* ViewController.swift */,
				9287845E1BDF131C0002EA0F /* Main.storyboard */,
				928784611BDF131C0002EA0F /* Assets.xcassets */,
				928784631BDF131C0002EA0F /* LaunchScreen.storyboard */,
				928784661BDF131C0002EA0F /* Info.plist */,
			);
			path = attendance;
			sourceTree = "<group>";
		};
		9287846E1BDF131C0002EA0F /* attendanceTests */ = {
			isa = PBXGroup;
			children = (
				9287846F1BDF131C0002EA0F /* attendanceTests.swift */,
				928784711BDF131C0002EA0F /* Info.plist */,
			);
			path = attendanceTests;
			sourceTree = "<group>";
		};
		928784791BDF131C0002EA0F /* attendanceUITests */ = {
			isa = PBXGroup;
			children = (
				9287847A1BDF131C0002EA0F /* attendanceUITests.swift */,
				9287847C1BDF131C0002EA0F /* Info.plist */,
			);
			path = attendanceUITests;
			sourceTree = "<group>";
		};
/* End PBXGroup section */

/* Begin PBXNativeTarget section */
		928784561BDF131C0002EA0F /* attendance */ = {
			isa = PBXNativeTarget;
			buildConfigurationList = 9287847F1BDF131C0002EA0F /* Build configuration list for PBXNativeTarget "attendance" */;
			buildPhases = (
				928784531BDF131C0002EA0F /* Sources */,
				928784541BDF131C0002EA0F /* Frameworks */,
				928784551BDF131C0002EA0F /* Resources */,
			);
			buildRules = (
			);
			dependencies = (
			);
			name = attendance;
			productName = attendance;
			productReference = 928784571BDF131C0002EA0F /* attendance.app */;
			productType = "com.apple.product-type.application";
		};
		9287846A1BDF131C0002EA0F /* attendanceTests */ = {
			isa = PBXNativeTarget;
			buildConfigurationList = 928784821BDF131C0002EA0F /* Build configuration list for PBXNativeTarget "attendanceTests" */;
			buildPhases = (
				928784671BDF131C0002EA0F /* Sources */,
				928784681BDF131C0002EA0F /* Frameworks */,
				928784691BDF131C0002EA0F /* Resources */,
			);
			buildRules = (
			);
			dependencies = (
				9287846D1BDF131C0002EA0F /* PBXTargetDependency */,
			);
			name = attendanceTests;
			productName = attendanceTests;
			productReference = 9287846B1BDF131C0002EA0F /* attendanceTests.xctest */;
			productType = "com.apple.product-type.bundle.unit-test";
		};
		928784751BDF131C0002EA0F /* attendanceUITests */ = {
			isa = PBXNativeTarget;
			buildConfigurationList = 928784851BDF131C0002EA0F /* Build configuration list for PBXNativeTarget "attendanceUITests" */;
			buildPhases = (
				928784721BDF131C0002EA0F /* Sources */,
				928784731BDF131C0002EA0F /* Frameworks */,
				928784741BDF131C0002EA0F /* Resources */,
			);
			buildRules = (
			);
			dependencies = (
				928784781BDF131C0002EA0F /* PBXTargetDependency */,
			);
			name = attendanceUITests;
			productName = attendanceUITests;
			productReference = 928784761BDF131C0002EA0F /* attendanceUITests.xctest */;
			productType = "com.apple.product-type.bundle.ui-testing";
		};
/* End PBXNativeTarget section */

/* Begin PBXProject section */
		9287844F1BDF131C0002EA0F /* Project object */ = {
			isa = PBXProject;
			attributes = {
				LastSwiftUpdateCheck = 0710;
				LastUpgradeCheck = 0710;
				ORGANIZATIONNAME = "the Pioneers";
				TargetAttributes = {
					928784561BDF131C0002EA0F = {
						CreatedOnToolsVersion = 7.1;
						DevelopmentTeam = 6VL6VV7C4H;
					};
					9287846A1BDF131C0002EA0F = {
						CreatedOnToolsVersion = 7.1;
						DevelopmentTeam = 6VL6VV7C4H;
						TestTargetID = 928784561BDF131C0002EA0F;
					};
					928784751BDF131C0002EA0F = {
						CreatedOnToolsVersion = 7.1;
						DevelopmentTeam = 6VL6VV7C4H;
						TestTargetID = 928784561BDF131C0002EA0F;
					};
				};
			};
			buildConfigurationList = 928784521BDF131C0002EA0F /* Build configuration list for PBXProject "attendance" */;
			compatibilityVersion = "Xcode 3.2";
			developmentRegion = English;
			hasScannedForEncodings = 0;
			knownRegions = (
				en,
				Base,
			);
			mainGroup = 9287844E1BDF131C0002EA0F;
			productRefGroup = 928784581BDF131C0002EA0F /* Products */;
			projectDirPath = "";
			projectRoot = "";
			targets = (
				928784561BDF131C0002EA0F /* attendance */,
				9287846A1BDF131C0002EA0F /* attendanceTests */,
				928784751BDF131C0002EA0F /* attendanceUITests */,
			);
		};
/* End PBXProject section */

/* Begin PBXResourcesBuildPhase section */
		928784551BDF131C0002EA0F /* Resources */ = {
			isa = PBXResourcesBuildPhase;
			buildActionMask = 2147483647;
			files = (
				928784651BDF131C0002EA0F /* LaunchScreen.storyboard in Resources */,
				928784621BDF131C0002EA0F /* Assets.xcassets in Resources */,
				928784601BDF131C0002EA0F /* Main.storyboard in Resources */,
			);
			runOnlyForDeploymentPostprocessing = 0;
		};
		928784691BDF131C0002EA0F /* Resources */ = {
			isa = PBXResourcesBuildPhase;
			buildActionMask = 2147483647;
			files = (
			);
			runOnlyForDeploymentPostprocessing = 0;
		};
		928784741BDF131C0002EA0F /* Resources */ = {
			isa = PBXResourcesBuildPhase;
			buildActionMask = 2147483647;
			files = (
			);
			runOnlyForDeploymentPostprocessing = 0;
		};
/* End PBXResourcesBuildPhase section */

/* Begin PBXSourcesBuildPhase section */
		928784531BDF131C0002EA0F /* Sources */ = {
			isa = PBXSourcesBuildPhase;
			buildActionMask = 2147483647;
			files = (
				9287845D1BDF131C0002EA0F /* ViewController.swift in Sources */,
				9287845B1BDF131C0002EA0F /* AppDelegate.swift in Sources */,
			);
			runOnlyForDeploymentPostprocessing = 0;
		};
		928784671BDF131C0002EA0F /* Sources */ = {
			isa = PBXSourcesBuildPhase;
			buildActionMask = 2147483647;
			files = (
				928784701BDF131C0002EA0F /* attendanceTests.swift in Sources */,
			);
			runOnlyForDeploymentPostprocessing = 0;
		};
		928784721BDF131C0002EA0F /* Sources */ = {
			isa = PBXSourcesBuildPhase;
			buildActionMask = 2147483647;
			files = (
				9287847B1BDF131C0002EA0F /* attendanceUITests.swift in Sources */,
			);
			runOnlyForDeploymentPostprocessing = 0;
		};
/* End PBXSourcesBuildPhase section */

/* Begin PBXTargetDependency section */
		9287846D1BDF131C0002EA0F /* PBXTargetDependency */ = {
			isa = PBXTargetDependency;
			target = 928784561BDF131C0002EA0F /* attendance */;
			targetProxy = 9287846C1BDF131C0002EA0F /* PBXContainerItemProxy */;
		};
		928784781BDF131C0002EA0F /* PBXTargetDependency */ = {
			isa = PBXTargetDependency;
			target = 928784561BDF131C0002EA0F /* attendance */;
			targetProxy = 928784771BDF131C0002EA0F /* PBXContainerItemProxy */;
		};
/* End PBXTargetDependency section */

/* Begin PBXVariantGroup section */
		9287845E1BDF131C0002EA0F /* Main.storyboard */ = {
			isa = PBXVariantGroup;
			children = (
				9287845F1BDF131C0002EA0F /* Base */,
			);
			name = Main.storyboard;
			sourceTree = "<group>";
		};
		928784631BDF131C0002EA0F /* LaunchScreen.storyboard */ = {
			isa = PBXVariantGroup;
			children = (
				928784641BDF131C0002EA0F /* Base */,
			);
			name = LaunchScreen.storyboard;
			sourceTree = "<group>";
		};
/* End PBXVariantGroup section */

/* Begin XCBuildConfiguration section */
		9287847D1BDF131C0002EA0F /* Debug */ = {
			isa = XCBuildConfiguration;
			buildSettings = {
				ALWAYS_SEARCH_USER_PATHS = NO;
				CLANG_CXX_LANGUAGE_STANDARD = "gnu++0x";
				CLANG_CXX_LIBRARY = "libc++";
				CLANG_ENABLE_MODULES = YES;
				CLANG_ENABLE_OBJC_ARC = YES;
				CLANG_WARN_BOOL_CONVERSION = YES;
				CLANG_WARN_CONSTANT_CONVERSION = YES;
				CLANG_WARN_DIRECT_OBJC_ISA_USAGE = YES_ERROR;
				CLANG_WARN_EMPTY_BODY = YES;
				CLANG_WARN_ENUM_CONVERSION = YES;
				CLANG_WARN_INT_CONVERSION = YES;
				CLANG_WARN_OBJC_ROOT_CLASS = YES_ERROR;
				CLANG_WARN_UNREACHABLE_CODE = YES;
				CLANG_WARN__DUPLICATE_METHOD_MATCH = YES;
				"CODE_SIGN_IDENTITY[sdk=iphoneos*]" = "iPhone Developer";
				COPY_PHASE_STRIP = NO;
				DEBUG_INFORMATION_FORMAT = dwarf;
				ENABLE_STRICT_OBJC_MSGSEND = YES;
				ENABLE_TESTABILITY = YES;
				GCC_C_LANGUAGE_STANDARD = gnu99;
				GCC_DYNAMIC_NO_PIC = NO;
				GCC_NO_COMMON_BLOCKS = YES;
				GCC_OPTIMIZATION_LEVEL = 0;
				GCC_PREPROCESSOR_DEFINITIONS = (
					"DEBUG=1",
					"$(inherited)",
				);
				GCC_WARN_64_TO_32_BIT_CONVERSION = YES;
				GCC_WARN_ABOUT_RETURN_TYPE = YES_ERROR;
				GCC_WARN_UNDECLARED_SELECTOR = YES;
				GCC_WARN_UNINITIALIZED_AUTOS = YES_AGGRESSIVE;
				GCC_WARN_UNUSED_FUNCTION = YES;
				GCC_WARN_UNUSED_VARIABLE = YES;
				IPHONEOS_DEPLOYMENT_TARGET = 9.1;
				MTL_ENABLE_DEBUG_INFO = YES;
				ONLY_ACTIVE_ARCH = YES;
				SDKROOT = iphoneos;
				SWIFT_OPTIMIZATION_LEVEL = "-Onone";
			};
			name = Debug;
		};
		9287847E1BDF131C0002EA0F /* Release */ = {
			isa = XCBuildConfiguration;
			buildSettings = {
				ALWAYS_SEARCH_USER_PATHS = NO;
				CLANG_CXX_LANGUAGE_STANDARD = "gnu++0x";
				CLANG_CXX_LIBRARY = "libc++";
				CLANG_ENABLE_MODULES = YES;
				CLANG_ENABLE_OBJC_ARC = YES;
				CLANG_WARN_BOOL_CONVERSION = YES;
				CLANG_WARN_CONSTANT_CONVERSION = YES;
				CLANG_WARN_DIRECT_OBJC_ISA_USAGE = YES_ERROR;
				CLANG_WARN_EMPTY_BODY = YES;
				CLANG_WARN_ENUM_CONVERSION = YES;
				CLANG_WARN_INT_CONVERSION = YES;
				CLANG_WARN_OBJC_ROOT_CLASS = YES_ERROR;
				CLANG_WARN_UNREACHABLE_CODE = YES;
				CLANG_WARN__DUPLICATE_METHOD_MATCH = YES;
				"CODE_SIGN_IDENTITY[sdk=iphoneos*]" = "iPhone Developer";
				COPY_PHASE_STRIP = NO;
				DEBUG_INFORMATION_FORMAT = "dwarf-with-dsym";
				ENABLE_NS_ASSERTIONS = NO;
				ENABLE_STRICT_OBJC_MSGSEND = YES;
				GCC_C_LANGUAGE_STANDARD = gnu99;
				GCC_NO_COMMON_BLOCKS = YES;
				GCC_WARN_64_TO_32_BIT_CONVERSION = YES;
				GCC_WARN_ABOUT_RETURN_TYPE = YES_ERROR;
				GCC_WARN_UNDECLARED_SELECTOR = YES;
				GCC_WARN_UNINITIALIZED_AUTOS = YES_AGGRESSIVE;
				GCC_WARN_UNUSED_FUNCTION = YES;
				GCC_WARN_UNUSED_VARIABLE = YES;
				IPHONEOS_DEPLOYMENT_TARGET = 9.1;
				MTL_ENABLE_DEBUG_INFO = NO;
				SDKROOT = iphoneos;
				VALIDATE_PRODUCT = YES;
			};
			name = Release;
		};
		928784801BDF131C0002EA0F /* Debug */ = {
			isa = XCBuildConfiguration;
			buildSettings = {
				ASSETCATALOG_COMPILER_APPICON_NAME = AppIcon;
				INFOPLIST_FILE = attendance/Info.plist;
				LD_RUNPATH_SEARCH_PATHS = "$(inherited) @executable_path/Frameworks";
				PRODUCT_BUNDLE_IDENTIFIER = com.pioneers.attendance;
				PRODUCT_NAME = "$(TARGET_NAME)";
			};
			name = Debug;
		};
		928784811BDF131C0002EA0F /* Release */ = {
			isa = XCBuildConfiguration;
			buildSettings = {
				ASSETCATALOG_COMPILER_APPICON_NAME = AppIcon;
				INFOPLIST_FILE = attendance/Info.plist;
				LD_RUNPATH_SEARCH_PATHS = "$(inherited) @executable_path/Frameworks";
				PRODUCT_BUNDLE_IDENTIFIER = com.pioneers.attendance;
				PRODUCT_NAME = "$(TARGET_NAME)";
			};
			name = Release;
		};
		928784831BDF131C0002EA0F /* Debug */ = {
			isa = XCBuildConfiguration;
			buildSettings = {
				BUNDLE_LOADER = "$(TEST_HOST)";
				INFOPLIST_FILE = attendanceTests/Info.plist;
				LD_RUNPATH_SEARCH_PATHS = "$(inherited) @executable_path/Frameworks @loader_path/Frameworks";
				PRODUCT_BUNDLE_IDENTIFIER = com.pioneers.attendanceTests;
				PRODUCT_NAME = "$(TARGET_NAME)";
				TEST_HOST = "$(BUILT_PRODUCTS_DIR)/attendance.app/attendance";
			};
			name = Debug;
		};
		928784841BDF131C0002EA0F /* Release */ = {
			isa = XCBuildConfiguration;
			buildSettings = {
				BUNDLE_LOADER = "$(TEST_HOST)";
				INFOPLIST_FILE = attendanceTests/Info.plist;
				LD_RUNPATH_SEARCH_PATHS = "$(inherited) @executable_path/Frameworks @loader_path/Frameworks";
				PRODUCT_BUNDLE_IDENTIFIER = com.pioneers.attendanceTests;
				PRODUCT_NAME = "$(TARGET_NAME)";
				TEST_HOST = "$(BUILT_PRODUCTS_DIR)/attendance.app/attendance";
			};
			name = Release;
		};
		928784861BDF131C0002EA0F /* Debug */ = {
			isa = XCBuildConfiguration;
			buildSettings = {
				INFOPLIST_FILE = attendanceUITests/Info.plist;
				LD_RUNPATH_SEARCH_PATHS = "$(inherited) @executable_path/Frameworks @loader_path/Frameworks";
				PRODUCT_BUNDLE_IDENTIFIER = com.pioneers.attendanceUITests;
				PRODUCT_NAME = "$(TARGET_NAME)";
				TEST_TARGET_NAME = attendance;
				USES_XCTRUNNER = YES;
			};
			name = Debug;
		};
		928784871BDF131C0002EA0F /* Release */ = {
			isa = XCBuildConfiguration;
			buildSettings = {
				INFOPLIST_FILE = attendanceUITests/Info.plist;
				LD_RUNPATH_SEARCH_PATHS = "$(inherited) @executable_path/Frameworks @loader_path/Frameworks";
				PRODUCT_BUNDLE_IDENTIFIER = com.pioneers.attendanceUITests;
				PRODUCT_NAME = "$(TARGET_NAME)";
				TEST_TARGET_NAME = attendance;
				USES_XCTRUNNER = YES;
			};
			name = Release;
		};
/* End XCBuildConfiguration section */

/* Begin XCConfigurationList section */
		928784521BDF131C0002EA0F /* Build configuration list for PBXProject "attendance" */ = {
			isa = XCConfigurationList;
			buildConfigurations = (
				9287847D1BDF131C0002EA0F /* Debug */,
				9287847E1BDF131C0002EA0F /* Release */,
			);
			defaultConfigurationIsVisible = 0;
			defaultConfigurationName = Release;
		};
		9287847F1BDF131C0002EA0F /* Build configuration list for PBXNativeTarget "attendance" */ = {
			isa = XCConfigurationList;
			buildConfigurations = (
				928784801BDF131C0002EA0F /* Debug */,
				928784811BDF131C0002EA0F /* Release */,
			);
			defaultConfigurationIsVisible = 0;
		};
		928784821BDF131C0002EA0F /* Build configuration list for PBXNativeTarget "attendanceTests" */ = {
			isa = XCConfigurationList;
			buildConfigurations = (
				928784831BDF131C0002EA0F /* Debug */,
				928784841BDF131C0002EA0F /* Release */,
			);
			defaultConfigurationIsVisible = 0;
		};
		928784851BDF131C0002EA0F /* Build configuration list for PBXNativeTarget "attendanceUITests" */ = {
			isa = XCConfigurationList;
			buildConfigurations = (
				928784861BDF131C0002EA0F /* Debug */,
				928784871BDF131C0002EA0F /* Release */,
			);
			defaultConfigurationIsVisible = 0;
		};
/* End XCConfigurationList section */
	};
	rootObject = 9287844F1BDF131C0002EA0F /* Project object */;
}
